
Microsoft Visual Studio Solution File, Format Version 12.00
# Visual Studio Version 17
VisualStudioVersion = 17.1.32210.238
MinimumVisualStudioVersion = 10.0.40219.1
Project("{9A19103F-16F7-4668-BE54-9A1E7A4F7556}") = "EntityLayer", "EntityLayer\EntityLayer.csproj", "{EA8F0893-147A-46DE-A1A6-91731ECA1921}"
EndProject
Project("{9A19103F-16F7-4668-BE54-9A1E7A4F7556}") = "DataAccessLayer", "DataAccessLayer\DataAccessLayer.csproj", "{20A894AD-EAE6-4717-9177-802FD6F950F3}"
EndProject
Project("{9A19103F-16F7-4668-BE54-9A1E7A4F7556}") = "BusinessLayer", "BusinessLayer\BusinessLayer.csproj", "{E849F9EF-7815-4865-B1C1-334859DD3C54}"
EndProject
Project("{9A19103F-16F7-4668-BE54-9A1E7A4F7556}") = "Api", "Api\Api.csproj", "{FB9C2444-9586-4017-920B-FCE82270821B}"
EndProject
Project("{9A19103F-16F7-4668-BE54-9A1E7A4F7556}") = "BlogApplication", "BlogApplication\BlogApplication.csproj", "{E9A91155-63CE-488E-9423-3260AD2C1019}"
	ProjectSection(ProjectDependencies) = postProject
		{EA8F0893-147A-46DE-A1A6-91731ECA1921} = {EA8F0893-147A-46DE-A1A6-91731ECA1921}
		{20A894AD-EAE6-4717-9177-802FD6F950F3} = {20A894AD-EAE6-4717-9177-802FD6F950F3}
		{E849F9EF-7815-4865-B1C1-334859DD3C54} = {E849F9EF-7815-4865-B1C1-334859DD3C54}
	EndProjectSection
EndProject
Project("{FAE04EC0-301F-11D3-BF4B-00C04F79EFBC}") = "Core", "Core\Core.csproj", "{09832A3C-BC86-432F-A573-5D64B0E9DE41}"
EndProject
Global
	GlobalSection(SolutionConfigurationPlatforms) = preSolution
		Debug|Any CPU = Debug|Any CPU
		Release|Any CPU = Release|Any CPU
	EndGlobalSection
	GlobalSection(ProjectConfigurationPlatforms) = postSolution
		{EA8F0893-147A-46DE-A1A6-91731ECA1921}.Debug|Any CPU.ActiveCfg = Debug|Any CPU
		{EA8F0893-147A-46DE-A1A6-91731ECA1921}.Debug|Any CPU.Build.0 = Debug|Any CPU
		{EA8F0893-147A-46DE-A1A6-91731ECA1921}.Release|Any CPU.ActiveCfg = Release|Any CPU
		{EA8F0893-147A-46DE-A1A6-91731ECA1921}.Release|Any CPU.Build.0 = Release|Any CPU
		{20A894AD-EAE6-4717-9177-802FD6F950F3}.Debug|Any CPU.ActiveCfg = Debug|Any CPU
		{20A894AD-EAE6-4717-9177-802FD6F950F3}.Debug|Any CPU.Build.0 = Debug|Any CPU
		{20A894AD-EAE6-4717-9177-802FD6F950F3}.Release|Any CPU.ActiveCfg = Release|Any CPU
		{20A894AD-EAE6-4717-9177-802FD6F950F3}.Release|Any CPU.Build.0 = Release|Any CPU
		{E849F9EF-7815-4865-B1C1-334859DD3C54}.Debug|Any CPU.ActiveCfg = Debug|Any CPU
		{E849F9EF-7815-4865-B1C1-334859DD3C54}.Debug|Any CPU.Build.0 = Debug|Any CPU
		{E849F9EF-7815-4865-B1C1-334859DD3C54}.Release|Any CPU.ActiveCfg = Release|Any CPU
		{E849F9EF-7815-4865-B1C1-334859DD3C54}.Release|Any CPU.Build.0 = Release|Any CPU
		{FB9C2444-9586-4017-920B-FCE82270821B}.Debug|Any CPU.ActiveCfg = Debug|Any CPU
		{FB9C2444-9586-4017-920B-FCE82270821B}.Debug|Any CPU.Build.0 = Debug|Any CPU
		{FB9C2444-9586-4017-920B-FCE82270821B}.Release|Any CPU.ActiveCfg = Release|Any CPU
		{FB9C2444-9586-4017-920B-FCE82270821B}.Release|Any CPU.Build.0 = Release|Any CPU
		{E9A91155-63CE-488E-9423-3260AD2C1019}.Debug|Any CPU.ActiveCfg = Debug|Any CPU
		{E9A91155-63CE-488E-9423-3260AD2C1019}.Debug|Any CPU.Build.0 = Debug|Any CPU
		{E9A91155-63CE-488E-9423-3260AD2C1019}.Release|Any CPU.ActiveCfg = Release|Any CPU
		{E9A91155-63CE-488E-9423-3260AD2C1019}.Release|Any CPU.Build.0 = Release|Any CPU
		{09832A3C-BC86-432F-A573-5D64B0E9DE41}.Debug|Any CPU.ActiveCfg = Debug|Any CPU
		{09832A3C-BC86-432F-A573-5D64B0E9DE41}.Debug|Any CPU.Build.0 = Debug|Any CPU
		{09832A3C-BC86-432F-A573-5D64B0E9DE41}.Release|Any CPU.ActiveCfg = Release|Any CPU
		{09832A3C-BC86-432F-A573-5D64B0E9DE41}.Release|Any CPU.Build.0 = Release|Any CPU
	EndGlobalSection
	GlobalSection(SolutionProperties) = preSolution
		HideSolutionNode = FALSE
	EndGlobalSection
	GlobalSection(ExtensibilityGlobals) = postSolution
		SolutionGuid = {14B701EC-F839-4253-976F-0C35A9EE781F}
	EndGlobalSection
EndGlobal
